
Microsoft Visual Studio Solution File, Format Version 12.00
# Visual Studio 15
VisualStudioVersion = 15.0.27428.2037
MinimumVisualStudioVersion = 10.0.40219.1
Project("{FAE04EC0-301F-11D3-BF4B-00C04F79EFBC}") = "sorting", "sorting\sorting.csproj", "{F7B7A24D-1AA5-4BA8-AF43-6D9899D1F351}"
EndProject
Global
	GlobalSection(SolutionConfigurationPlatforms) = preSolution
		Debug|Any CPU = Debug|Any CPU
		Release|Any CPU = Release|Any CPU
	EndGlobalSection
	GlobalSection(ProjectConfigurationPlatforms) = postSolution
		{F7B7A24D-1AA5-4BA8-AF43-6D9899D1F351}.Debug|Any CPU.ActiveCfg = Debug|Any CPU
		{F7B7A24D-1AA5-4BA8-AF43-6D9899D1F351}.Debug|Any CPU.Build.0 = Debug|Any CPU
		{F7B7A24D-1AA5-4BA8-AF43-6D9899D1F351}.Release|Any CPU.ActiveCfg = Release|Any CPU
		{F7B7A24D-1AA5-4BA8-AF43-6D9899D1F351}.Release|Any CPU.Build.0 = Release|Any CPU
	EndGlobalSection
	GlobalSection(SolutionProperties) = preSolution
		HideSolutionNode = FALSE
	EndGlobalSection
	GlobalSection(ExtensibilityGlobals) = postSolution
		SolutionGuid = {9A81F69C-1901-4C4B-BDDA-40269078A75B}
	EndGlobalSection
EndGlobal
